
Microsoft Visual Studio Solution File, Format Version 12.00
# Visual Studio Version 17
VisualStudioVersion = 17.5.33424.131
MinimumVisualStudioVersion = 10.0.40219.1
Project("{FAE04EC0-301F-11D3-BF4B-00C04F79EFBC}") = "142", "142\142.csproj", "{F9B9B769-8945-4E50-9123-3532B6142041}"
EndProject
Global
	GlobalSection(SolutionConfigurationPlatforms) = preSolution
		Debug|Any CPU = Debug|Any CPU
		Release|Any CPU = Release|Any CPU
	EndGlobalSection
	GlobalSection(ProjectConfigurationPlatforms) = postSolution
		{F9B9B769-8945-4E50-9123-3532B6142041}.Debug|Any CPU.ActiveCfg = Debug|Any CPU
		{F9B9B769-8945-4E50-9123-3532B6142041}.Debug|Any CPU.Build.0 = Debug|Any CPU
		{F9B9B769-8945-4E50-9123-3532B6142041}.Release|Any CPU.ActiveCfg = Release|Any CPU
		{F9B9B769-8945-4E50-9123-3532B6142041}.Release|Any CPU.Build.0 = Release|Any CPU
	EndGlobalSection
	GlobalSection(SolutionProperties) = preSolution
		HideSolutionNode = FALSE
	EndGlobalSection
	GlobalSection(ExtensibilityGlobals) = postSolution
		SolutionGuid = {AFE4C9B1-CABF-4243-B61C-4FBB925EE407}
	EndGlobalSection
EndGlobal
