
Microsoft Visual Studio Solution File, Format Version 12.00
# Visual Studio Version 17
VisualStudioVersion = 17.5.33424.131
MinimumVisualStudioVersion = 10.0.40219.1
Project("{FAE04EC0-301F-11D3-BF4B-00C04F79EFBC}") = "161", "61\161.csproj", "{285B3D57-AC9B-47FB-AF87-85B02F1C4AA1}"
EndProject
Global
	GlobalSection(SolutionConfigurationPlatforms) = preSolution
		Debug|Any CPU = Debug|Any CPU
		Release|Any CPU = Release|Any CPU
	EndGlobalSection
	GlobalSection(ProjectConfigurationPlatforms) = postSolution
		{285B3D57-AC9B-47FB-AF87-85B02F1C4AA1}.Debug|Any CPU.ActiveCfg = Debug|Any CPU
		{285B3D57-AC9B-47FB-AF87-85B02F1C4AA1}.Debug|Any CPU.Build.0 = Debug|Any CPU
		{285B3D57-AC9B-47FB-AF87-85B02F1C4AA1}.Release|Any CPU.ActiveCfg = Release|Any CPU
		{285B3D57-AC9B-47FB-AF87-85B02F1C4AA1}.Release|Any CPU.Build.0 = Release|Any CPU
	EndGlobalSection
	GlobalSection(SolutionProperties) = preSolution
		HideSolutionNode = FALSE
	EndGlobalSection
	GlobalSection(ExtensibilityGlobals) = postSolution
		SolutionGuid = {A77674A3-BA8F-4826-B5A6-193E64226541}
	EndGlobalSection
EndGlobal
