
Microsoft Visual Studio Solution File, Format Version 12.00
# Visual Studio Version 17
VisualStudioVersion = 17.5.33424.131
MinimumVisualStudioVersion = 10.0.40219.1
Project("{FAE04EC0-301F-11D3-BF4B-00C04F79EFBC}") = "165", "135\165.csproj", "{4FB1CF50-20F8-4FDC-9F31-2ADEA9EB16F5}"
EndProject
Global
	GlobalSection(SolutionConfigurationPlatforms) = preSolution
		Debug|Any CPU = Debug|Any CPU
		Release|Any CPU = Release|Any CPU
	EndGlobalSection
	GlobalSection(ProjectConfigurationPlatforms) = postSolution
		{4FB1CF50-20F8-4FDC-9F31-2ADEA9EB16F5}.Debug|Any CPU.ActiveCfg = Debug|Any CPU
		{4FB1CF50-20F8-4FDC-9F31-2ADEA9EB16F5}.Debug|Any CPU.Build.0 = Debug|Any CPU
		{4FB1CF50-20F8-4FDC-9F31-2ADEA9EB16F5}.Release|Any CPU.ActiveCfg = Release|Any CPU
		{4FB1CF50-20F8-4FDC-9F31-2ADEA9EB16F5}.Release|Any CPU.Build.0 = Release|Any CPU
	EndGlobalSection
	GlobalSection(SolutionProperties) = preSolution
		HideSolutionNode = FALSE
	EndGlobalSection
	GlobalSection(ExtensibilityGlobals) = postSolution
		SolutionGuid = {AFFBE9E8-FA06-46DB-BB0A-CB153BFE6294}
	EndGlobalSection
EndGlobal
