
Microsoft Visual Studio Solution File, Format Version 12.00
# Visual Studio Version 17
VisualStudioVersion = 17.5.33424.131
MinimumVisualStudioVersion = 10.0.40219.1
Project("{FAE04EC0-301F-11D3-BF4B-00C04F79EFBC}") = "135", "135\135.csproj", "{E665350C-A769-419B-906C-3C09D702D60B}"
EndProject
Global
	GlobalSection(SolutionConfigurationPlatforms) = preSolution
		Debug|Any CPU = Debug|Any CPU
		Release|Any CPU = Release|Any CPU
	EndGlobalSection
	GlobalSection(ProjectConfigurationPlatforms) = postSolution
		{E665350C-A769-419B-906C-3C09D702D60B}.Debug|Any CPU.ActiveCfg = Debug|Any CPU
		{E665350C-A769-419B-906C-3C09D702D60B}.Debug|Any CPU.Build.0 = Debug|Any CPU
		{E665350C-A769-419B-906C-3C09D702D60B}.Release|Any CPU.ActiveCfg = Release|Any CPU
		{E665350C-A769-419B-906C-3C09D702D60B}.Release|Any CPU.Build.0 = Release|Any CPU
	EndGlobalSection
	GlobalSection(SolutionProperties) = preSolution
		HideSolutionNode = FALSE
	EndGlobalSection
	GlobalSection(ExtensibilityGlobals) = postSolution
		SolutionGuid = {B4D6A6F2-9A70-405D-AF73-8885FEAE3A91}
	EndGlobalSection
EndGlobal
