
Microsoft Visual Studio Solution File, Format Version 12.00
# Visual Studio Version 17
VisualStudioVersion = 17.5.33424.131
MinimumVisualStudioVersion = 10.0.40219.1
Project("{FAE04EC0-301F-11D3-BF4B-00C04F79EFBC}") = "213", "213\213.csproj", "{AFDD5E52-020A-452A-8596-E4016E117084}"
EndProject
Global
	GlobalSection(SolutionConfigurationPlatforms) = preSolution
		Debug|Any CPU = Debug|Any CPU
		Release|Any CPU = Release|Any CPU
	EndGlobalSection
	GlobalSection(ProjectConfigurationPlatforms) = postSolution
		{AFDD5E52-020A-452A-8596-E4016E117084}.Debug|Any CPU.ActiveCfg = Debug|Any CPU
		{AFDD5E52-020A-452A-8596-E4016E117084}.Debug|Any CPU.Build.0 = Debug|Any CPU
		{AFDD5E52-020A-452A-8596-E4016E117084}.Release|Any CPU.ActiveCfg = Release|Any CPU
		{AFDD5E52-020A-452A-8596-E4016E117084}.Release|Any CPU.Build.0 = Release|Any CPU
	EndGlobalSection
	GlobalSection(SolutionProperties) = preSolution
		HideSolutionNode = FALSE
	EndGlobalSection
	GlobalSection(ExtensibilityGlobals) = postSolution
		SolutionGuid = {1035C0D2-7900-4C2C-A66E-CFE2F82E4C3C}
	EndGlobalSection
EndGlobal
