
Microsoft Visual Studio Solution File, Format Version 12.00
# Visual Studio Version 17
VisualStudioVersion = 17.5.33424.131
MinimumVisualStudioVersion = 10.0.40219.1
Project("{FAE04EC0-301F-11D3-BF4B-00C04F79EFBC}") = "231", "231\231.csproj", "{3BA30CA9-E1F2-4AB4-BB69-2FF0AFB3ED13}"
EndProject
Global
	GlobalSection(SolutionConfigurationPlatforms) = preSolution
		Debug|Any CPU = Debug|Any CPU
		Release|Any CPU = Release|Any CPU
	EndGlobalSection
	GlobalSection(ProjectConfigurationPlatforms) = postSolution
		{3BA30CA9-E1F2-4AB4-BB69-2FF0AFB3ED13}.Debug|Any CPU.ActiveCfg = Debug|Any CPU
		{3BA30CA9-E1F2-4AB4-BB69-2FF0AFB3ED13}.Debug|Any CPU.Build.0 = Debug|Any CPU
		{3BA30CA9-E1F2-4AB4-BB69-2FF0AFB3ED13}.Release|Any CPU.ActiveCfg = Release|Any CPU
		{3BA30CA9-E1F2-4AB4-BB69-2FF0AFB3ED13}.Release|Any CPU.Build.0 = Release|Any CPU
	EndGlobalSection
	GlobalSection(SolutionProperties) = preSolution
		HideSolutionNode = FALSE
	EndGlobalSection
	GlobalSection(ExtensibilityGlobals) = postSolution
		SolutionGuid = {D8461967-1B49-4519-9A5A-996C1EDFB6CC}
	EndGlobalSection
EndGlobal
