
Microsoft Visual Studio Solution File, Format Version 12.00
# Visual Studio Version 17
VisualStudioVersion = 17.5.33424.131
MinimumVisualStudioVersion = 10.0.40219.1
Project("{FAE04EC0-301F-11D3-BF4B-00C04F79EFBC}") = "93", "93\93.csproj", "{EB2106E9-B76F-43CD-80D6-B78D3D6C0349}"
EndProject
Global
	GlobalSection(SolutionConfigurationPlatforms) = preSolution
		Debug|Any CPU = Debug|Any CPU
		Release|Any CPU = Release|Any CPU
	EndGlobalSection
	GlobalSection(ProjectConfigurationPlatforms) = postSolution
		{EB2106E9-B76F-43CD-80D6-B78D3D6C0349}.Debug|Any CPU.ActiveCfg = Debug|Any CPU
		{EB2106E9-B76F-43CD-80D6-B78D3D6C0349}.Debug|Any CPU.Build.0 = Debug|Any CPU
		{EB2106E9-B76F-43CD-80D6-B78D3D6C0349}.Release|Any CPU.ActiveCfg = Release|Any CPU
		{EB2106E9-B76F-43CD-80D6-B78D3D6C0349}.Release|Any CPU.Build.0 = Release|Any CPU
	EndGlobalSection
	GlobalSection(SolutionProperties) = preSolution
		HideSolutionNode = FALSE
	EndGlobalSection
	GlobalSection(ExtensibilityGlobals) = postSolution
		SolutionGuid = {27454202-CAAA-4032-BB77-E109E4B52CDA}
	EndGlobalSection
EndGlobal
