
Microsoft Visual Studio Solution File, Format Version 12.00
# Visual Studio Version 17
VisualStudioVersion = 17.5.33424.131
MinimumVisualStudioVersion = 10.0.40219.1
Project("{FAE04EC0-301F-11D3-BF4B-00C04F79EFBC}") = "154", "154\154.csproj", "{94C1CAD3-3F15-4F2C-B42C-B39281209FA6}"
EndProject
Global
	GlobalSection(SolutionConfigurationPlatforms) = preSolution
		Debug|Any CPU = Debug|Any CPU
		Release|Any CPU = Release|Any CPU
	EndGlobalSection
	GlobalSection(ProjectConfigurationPlatforms) = postSolution
		{94C1CAD3-3F15-4F2C-B42C-B39281209FA6}.Debug|Any CPU.ActiveCfg = Debug|Any CPU
		{94C1CAD3-3F15-4F2C-B42C-B39281209FA6}.Debug|Any CPU.Build.0 = Debug|Any CPU
		{94C1CAD3-3F15-4F2C-B42C-B39281209FA6}.Release|Any CPU.ActiveCfg = Release|Any CPU
		{94C1CAD3-3F15-4F2C-B42C-B39281209FA6}.Release|Any CPU.Build.0 = Release|Any CPU
	EndGlobalSection
	GlobalSection(SolutionProperties) = preSolution
		HideSolutionNode = FALSE
	EndGlobalSection
	GlobalSection(ExtensibilityGlobals) = postSolution
		SolutionGuid = {73975CDE-04A8-4123-A869-D1EB20848C6A}
	EndGlobalSection
EndGlobal
