
Microsoft Visual Studio Solution File, Format Version 12.00
# Visual Studio Version 17
VisualStudioVersion = 17.5.33424.131
MinimumVisualStudioVersion = 10.0.40219.1
Project("{FAE04EC0-301F-11D3-BF4B-00C04F79EFBC}") = "149", "149.csproj", "{9A4EDCC3-4AB1-4121-8E29-9A6BE9B63071}"
EndProject
Global
	GlobalSection(SolutionConfigurationPlatforms) = preSolution
		Debug|Any CPU = Debug|Any CPU
		Release|Any CPU = Release|Any CPU
	EndGlobalSection
	GlobalSection(ProjectConfigurationPlatforms) = postSolution
		{9A4EDCC3-4AB1-4121-8E29-9A6BE9B63071}.Debug|Any CPU.ActiveCfg = Debug|Any CPU
		{9A4EDCC3-4AB1-4121-8E29-9A6BE9B63071}.Debug|Any CPU.Build.0 = Debug|Any CPU
		{9A4EDCC3-4AB1-4121-8E29-9A6BE9B63071}.Release|Any CPU.ActiveCfg = Release|Any CPU
		{9A4EDCC3-4AB1-4121-8E29-9A6BE9B63071}.Release|Any CPU.Build.0 = Release|Any CPU
	EndGlobalSection
	GlobalSection(SolutionProperties) = preSolution
		HideSolutionNode = FALSE
	EndGlobalSection
	GlobalSection(ExtensibilityGlobals) = postSolution
		SolutionGuid = {CE34CD31-AF20-48C6-AD9E-7088F7FAA0D3}
	EndGlobalSection
EndGlobal
