
Microsoft Visual Studio Solution File, Format Version 12.00
# Visual Studio Version 17
VisualStudioVersion = 17.5.33424.131
MinimumVisualStudioVersion = 10.0.40219.1
Project("{FAE04EC0-301F-11D3-BF4B-00C04F79EFBC}") = "144", "144\144.csproj", "{B2A34596-1FA8-4ECF-A2F2-964A0209E7EE}"
EndProject
Global
	GlobalSection(SolutionConfigurationPlatforms) = preSolution
		Debug|Any CPU = Debug|Any CPU
		Release|Any CPU = Release|Any CPU
	EndGlobalSection
	GlobalSection(ProjectConfigurationPlatforms) = postSolution
		{B2A34596-1FA8-4ECF-A2F2-964A0209E7EE}.Debug|Any CPU.ActiveCfg = Debug|Any CPU
		{B2A34596-1FA8-4ECF-A2F2-964A0209E7EE}.Debug|Any CPU.Build.0 = Debug|Any CPU
		{B2A34596-1FA8-4ECF-A2F2-964A0209E7EE}.Release|Any CPU.ActiveCfg = Release|Any CPU
		{B2A34596-1FA8-4ECF-A2F2-964A0209E7EE}.Release|Any CPU.Build.0 = Release|Any CPU
	EndGlobalSection
	GlobalSection(SolutionProperties) = preSolution
		HideSolutionNode = FALSE
	EndGlobalSection
	GlobalSection(ExtensibilityGlobals) = postSolution
		SolutionGuid = {54F6540C-250D-492B-A6E3-80C690392805}
	EndGlobalSection
EndGlobal
