
Microsoft Visual Studio Solution File, Format Version 12.00
# Visual Studio Version 17
VisualStudioVersion = 17.5.33424.131
MinimumVisualStudioVersion = 10.0.40219.1
Project("{FAE04EC0-301F-11D3-BF4B-00C04F79EFBC}") = "44", "44\44.csproj", "{2B177695-EC30-4F92-83BC-C60D14BE5C6E}"
EndProject
Global
	GlobalSection(SolutionConfigurationPlatforms) = preSolution
		Debug|Any CPU = Debug|Any CPU
		Release|Any CPU = Release|Any CPU
	EndGlobalSection
	GlobalSection(ProjectConfigurationPlatforms) = postSolution
		{2B177695-EC30-4F92-83BC-C60D14BE5C6E}.Debug|Any CPU.ActiveCfg = Debug|Any CPU
		{2B177695-EC30-4F92-83BC-C60D14BE5C6E}.Debug|Any CPU.Build.0 = Debug|Any CPU
		{2B177695-EC30-4F92-83BC-C60D14BE5C6E}.Release|Any CPU.ActiveCfg = Release|Any CPU
		{2B177695-EC30-4F92-83BC-C60D14BE5C6E}.Release|Any CPU.Build.0 = Release|Any CPU
	EndGlobalSection
	GlobalSection(SolutionProperties) = preSolution
		HideSolutionNode = FALSE
	EndGlobalSection
	GlobalSection(ExtensibilityGlobals) = postSolution
		SolutionGuid = {9E070F94-8A2B-405A-A6AE-7149D8E9CB62}
	EndGlobalSection
EndGlobal
